
Microsoft Visual Studio Solution File, Format Version 12.00
# Visual Studio 14
VisualStudioVersion = 14.0.25420.1
MinimumVisualStudioVersion = 10.0.40219.1
Project("{FAE04EC0-301F-11D3-BF4B-00C04F79EFBC}") = "JanusPPTAddIn", "JanusPPTAddIn\JanusPPTAddIn.csproj", "{69B1B6E8-8C5E-4667-BDBB-9CBC7D7504FD}"
EndProject
Project("{54435603-DBB4-11D2-8724-00A0C9A8B90C}") = "JanusPPTAddInInstaller", "JanusPPTAddInInstaller\JanusPPTAddInInstaller.vdproj", "{EDAB4FDE-E4E4-4829-A2F5-CA3921A2D0AF}"
EndProject
Global
	GlobalSection(SolutionConfigurationPlatforms) = preSolution
		Debug|Any CPU = Debug|Any CPU
		Debug|Default = Debug|Default
		Release|Any CPU = Release|Any CPU
		Release|Default = Release|Default
	EndGlobalSection
	GlobalSection(ProjectConfigurationPlatforms) = postSolution
		{69B1B6E8-8C5E-4667-BDBB-9CBC7D7504FD}.Debug|Any CPU.ActiveCfg = Debug|Any CPU
		{69B1B6E8-8C5E-4667-BDBB-9CBC7D7504FD}.Debug|Any CPU.Build.0 = Debug|Any CPU
		{69B1B6E8-8C5E-4667-BDBB-9CBC7D7504FD}.Debug|Default.ActiveCfg = Debug|Any CPU
		{69B1B6E8-8C5E-4667-BDBB-9CBC7D7504FD}.Debug|Default.Build.0 = Debug|Any CPU
		{69B1B6E8-8C5E-4667-BDBB-9CBC7D7504FD}.Release|Any CPU.ActiveCfg = Release|Any CPU
		{69B1B6E8-8C5E-4667-BDBB-9CBC7D7504FD}.Release|Any CPU.Build.0 = Release|Any CPU
		{69B1B6E8-8C5E-4667-BDBB-9CBC7D7504FD}.Release|Default.ActiveCfg = Release|Any CPU
		{69B1B6E8-8C5E-4667-BDBB-9CBC7D7504FD}.Release|Default.Build.0 = Release|Any CPU
		{EDAB4FDE-E4E4-4829-A2F5-CA3921A2D0AF}.Debug|Any CPU.ActiveCfg = Debug
		{EDAB4FDE-E4E4-4829-A2F5-CA3921A2D0AF}.Debug|Any CPU.Build.0 = Debug
		{EDAB4FDE-E4E4-4829-A2F5-CA3921A2D0AF}.Debug|Default.ActiveCfg = Debug
		{EDAB4FDE-E4E4-4829-A2F5-CA3921A2D0AF}.Debug|Default.Build.0 = Debug
		{EDAB4FDE-E4E4-4829-A2F5-CA3921A2D0AF}.Release|Any CPU.ActiveCfg = Release
		{EDAB4FDE-E4E4-4829-A2F5-CA3921A2D0AF}.Release|Any CPU.Build.0 = Release
		{EDAB4FDE-E4E4-4829-A2F5-CA3921A2D0AF}.Release|Default.ActiveCfg = Release
		{EDAB4FDE-E4E4-4829-A2F5-CA3921A2D0AF}.Release|Default.Build.0 = Release
	EndGlobalSection
	GlobalSection(SolutionProperties) = preSolution
		HideSolutionNode = FALSE
	EndGlobalSection
	GlobalSection(SolutionConfigurationPlatforms) = preSolution
		Debug|Any CPU = Debug|Any CPU
		Debug|Default = Debug|Default
		Release|Any CPU = Release|Any CPU
		Release|Default = Release|Default
	EndGlobalSection
EndGlobal
